
Microsoft Visual Studio Solution File, Format Version 12.00
# Visual Studio Version 17
VisualStudioVersion = 17.0.31903.59
MinimumVisualStudioVersion = 10.0.40219.1
Project("{9A19103F-16F7-4668-BE54-9A1E7A4F7556}") = "API", "API\API.csproj", "{F5C886D6-35A3-4250-95CB-BA4FA286A63A}"
EndProject
Project("{9A19103F-16F7-4668-BE54-9A1E7A4F7556}") = "Application", "Application\Application.csproj", "{AAF7F9A3-1C83-48F0-BE4A-A954DF93C3C3}"
EndProject
Project("{9A19103F-16F7-4668-BE54-9A1E7A4F7556}") = "Domain", "Domain\Domain.csproj", "{A3D6341D-507B-4EC5-AD23-6F897A813216}"
EndProject
Project("{9A19103F-16F7-4668-BE54-9A1E7A4F7556}") = "Persistence", "Persistence\Persistence.csproj", "{D09255AC-219E-4327-A074-78DF05A55C09}"
EndProject
Project("{54A90642-561A-4BB1-A94E-469ADEE60C69}") = "client", "Client\client.esproj", "{96A1CF32-51B8-48B7-8C6C-F5EE476A6432}"
EndProject
Project("{FAE04EC0-301F-11D3-BF4B-00C04F79EFBC}") = "Infrastructure", "Infrastructure\Infrastructure.csproj", "{95287F76-FCC0-4FAB-A0B5-E71A939647F0}"
EndProject
Global
	GlobalSection(SolutionConfigurationPlatforms) = preSolution
		Debug|Any CPU = Debug|Any CPU
		Release|Any CPU = Release|Any CPU
	EndGlobalSection
	GlobalSection(ProjectConfigurationPlatforms) = postSolution
		{F5C886D6-35A3-4250-95CB-BA4FA286A63A}.Debug|Any CPU.ActiveCfg = Debug|Any CPU
		{F5C886D6-35A3-4250-95CB-BA4FA286A63A}.Debug|Any CPU.Build.0 = Debug|Any CPU
		{F5C886D6-35A3-4250-95CB-BA4FA286A63A}.Release|Any CPU.ActiveCfg = Release|Any CPU
		{F5C886D6-35A3-4250-95CB-BA4FA286A63A}.Release|Any CPU.Build.0 = Release|Any CPU
		{AAF7F9A3-1C83-48F0-BE4A-A954DF93C3C3}.Debug|Any CPU.ActiveCfg = Debug|Any CPU
		{AAF7F9A3-1C83-48F0-BE4A-A954DF93C3C3}.Debug|Any CPU.Build.0 = Debug|Any CPU
		{AAF7F9A3-1C83-48F0-BE4A-A954DF93C3C3}.Release|Any CPU.ActiveCfg = Release|Any CPU
		{AAF7F9A3-1C83-48F0-BE4A-A954DF93C3C3}.Release|Any CPU.Build.0 = Release|Any CPU
		{A3D6341D-507B-4EC5-AD23-6F897A813216}.Debug|Any CPU.ActiveCfg = Debug|Any CPU
		{A3D6341D-507B-4EC5-AD23-6F897A813216}.Debug|Any CPU.Build.0 = Debug|Any CPU
		{A3D6341D-507B-4EC5-AD23-6F897A813216}.Release|Any CPU.ActiveCfg = Release|Any CPU
		{A3D6341D-507B-4EC5-AD23-6F897A813216}.Release|Any CPU.Build.0 = Release|Any CPU
		{D09255AC-219E-4327-A074-78DF05A55C09}.Debug|Any CPU.ActiveCfg = Debug|Any CPU
		{D09255AC-219E-4327-A074-78DF05A55C09}.Debug|Any CPU.Build.0 = Debug|Any CPU
		{D09255AC-219E-4327-A074-78DF05A55C09}.Release|Any CPU.ActiveCfg = Release|Any CPU
		{D09255AC-219E-4327-A074-78DF05A55C09}.Release|Any CPU.Build.0 = Release|Any CPU
		{96A1CF32-51B8-48B7-8C6C-F5EE476A6432}.Debug|Any CPU.ActiveCfg = Debug|Any CPU
		{96A1CF32-51B8-48B7-8C6C-F5EE476A6432}.Debug|Any CPU.Build.0 = Debug|Any CPU
		{96A1CF32-51B8-48B7-8C6C-F5EE476A6432}.Debug|Any CPU.Deploy.0 = Debug|Any CPU
		{96A1CF32-51B8-48B7-8C6C-F5EE476A6432}.Release|Any CPU.ActiveCfg = Release|Any CPU
		{96A1CF32-51B8-48B7-8C6C-F5EE476A6432}.Release|Any CPU.Build.0 = Release|Any CPU
		{96A1CF32-51B8-48B7-8C6C-F5EE476A6432}.Release|Any CPU.Deploy.0 = Release|Any CPU
		{57813F2E-AC2D-42CC-80D2-52663D758642}.Debug|Any CPU.ActiveCfg = Debug|Any CPU
		{57813F2E-AC2D-42CC-80D2-52663D758642}.Debug|Any CPU.Build.0 = Debug|Any CPU
		{57813F2E-AC2D-42CC-80D2-52663D758642}.Debug|Any CPU.Deploy.0 = Debug|Any CPU
		{57813F2E-AC2D-42CC-80D2-52663D758642}.Release|Any CPU.ActiveCfg = Release|Any CPU
		{57813F2E-AC2D-42CC-80D2-52663D758642}.Release|Any CPU.Build.0 = Release|Any CPU
		{57813F2E-AC2D-42CC-80D2-52663D758642}.Release|Any CPU.Deploy.0 = Release|Any CPU
		{95287F76-FCC0-4FAB-A0B5-E71A939647F0}.Debug|Any CPU.ActiveCfg = Debug|Any CPU
		{95287F76-FCC0-4FAB-A0B5-E71A939647F0}.Debug|Any CPU.Build.0 = Debug|Any CPU
		{95287F76-FCC0-4FAB-A0B5-E71A939647F0}.Release|Any CPU.ActiveCfg = Release|Any CPU
		{95287F76-FCC0-4FAB-A0B5-E71A939647F0}.Release|Any CPU.Build.0 = Release|Any CPU
	EndGlobalSection
	GlobalSection(SolutionProperties) = preSolution
		HideSolutionNode = FALSE
	EndGlobalSection
	GlobalSection(ExtensibilityGlobals) = postSolution
		SolutionGuid = {048C96B9-1029-4897-9504-DE2ECC7834BF}
	EndGlobalSection
EndGlobal
